// !$*UTF8*$!
{
	archiveVersion = 1;
	classes = {
	};
	objectVersion = 50;
	objects = {

/* Begin PBXBuildFile section */
		02D5DFC72212EAF80064E928 /* AppDelegate.swift in Sources */ = {isa = PBXBuildFile; fileRef = 02D5DFC62212EAF80064E928 /* AppDelegate.swift */; };
		02D5DFC92212EAF80064E928 /* ViewController.swift in Sources */ = {isa = PBXBuildFile; fileRef = 02D5DFC82212EAF80064E928 /* ViewController.swift */; };
		02D5DFCC2212EAF80064E928 /* Main.storyboard in Resources */ = {isa = PBXBuildFile; fileRef = 02D5DFCA2212EAF80064E928 /* Main.storyboard */; };
		02D5DFCE2212EAFA0064E928 /* Assets.xcassets in Resources */ = {isa = PBXBuildFile; fileRef = 02D5DFCD2212EAFA0064E928 /* Assets.xcassets */; };
		02D5DFD12212EAFA0064E928 /* LaunchScreen.storyboard in Resources */ = {isa = PBXBuildFile; fileRef = 02D5DFCF2212EAFA0064E928 /* LaunchScreen.storyboard */; };
		02D5DFD92212EB510064E928 /* VDSLoaderView.swift in Sources */ = {isa = PBXBuildFile; fileRef = 02D5DFD82212EB500064E928 /* VDSLoaderView.swift */; };
/* End PBXBuildFile section */

/* Begin PBXFileReference section */
		02D5DFC32212EAF80064E928 /* VDSLoader.app */ = {isa = PBXFileReference; explicitFileType = wrapper.application; includeInIndex = 0; path = VDSLoader.app; sourceTree = BUILT_PRODUCTS_DIR; };
		02D5DFC62212EAF80064E928 /* AppDelegate.swift */ = {isa = PBXFileReference; lastKnownFileType = sourcecode.swift; path = AppDelegate.swift; sourceTree = "<group>"; };
		02D5DFC82212EAF80064E928 /* ViewController.swift */ = {isa = PBXFileReference; lastKnownFileType = sourcecode.swift; path = ViewController.swift; sourceTree = "<group>"; };
		02D5DFCB2212EAF80064E928 /* Base */ = {isa = PBXFileReference; lastKnownFileType = file.storyboard; name = Base; path = Base.lproj/Main.storyboard; sourceTree = "<group>"; };
		02D5DFCD2212EAFA0064E928 /* Assets.xcassets */ = {isa = PBXFileReference; lastKnownFileType = folder.assetcatalog; path = Assets.xcassets; sourceTree = "<group>"; };
		02D5DFD02212EAFA0064E928 /* Base */ = {isa = PBXFileReference; lastKnownFileType = file.storyboard; name = Base; path = Base.lproj/LaunchScreen.storyboard; sourceTree = "<group>"; };
		02D5DFD22212EAFA0064E928 /* Info.plist */ = {isa = PBXFileReference; lastKnownFileType = text.plist.xml; path = Info.plist; sourceTree = "<group>"; };
		02D5DFD82212EB500064E928 /* VDSLoaderView.swift */ = {isa = PBXFileReference; lastKnownFileType = sourcecode.swift; path = VDSLoaderView.swift; sourceTree = "<group>"; };
/* End PBXFileReference section */

/* Begin PBXFrameworksBuildPhase section */
		02D5DFC02212EAF80064E928 /* Frameworks */ = {
			isa = PBXFrameworksBuildPhase;
			buildActionMask = 2147483647;
			files = (
			);
			runOnlyForDeploymentPostprocessing = 0;
		};
/* End PBXFrameworksBuildPhase section */

/* Begin PBXGroup section */
		02D5DFBA2212EAF80064E928 = {
			isa = PBXGroup;
			children = (
				02D5DFC52212EAF80064E928 /* VDSLoader */,
				02D5DFC42212EAF80064E928 /* Products */,
			);
			sourceTree = "<group>";
		};
		02D5DFC42212EAF80064E928 /* Products */ = {
			isa = PBXGroup;
			children = (
				02D5DFC32212EAF80064E928 /* VDSLoader.app */,
			);
			name = Products;
			sourceTree = "<group>";
		};
		02D5DFC52212EAF80064E928 /* VDSLoader */ = {
			isa = PBXGroup;
			children = (
				02D5DFC62212EAF80064E928 /* AppDelegate.swift */,
				02D5DFC82212EAF80064E928 /* ViewController.swift */,
				02D5DFD82212EB500064E928 /* VDSLoaderView.swift */,
				02D5DFCA2212EAF80064E928 /* Main.storyboard */,
				02D5DFCD2212EAFA0064E928 /* Assets.xcassets */,
				02D5DFCF2212EAFA0064E928 /* LaunchScreen.storyboard */,
				02D5DFD22212EAFA0064E928 /* Info.plist */,
			);
			path = VDSLoader;
			sourceTree = "<group>";
		};
/* End PBXGroup section */

/* Begin PBXNativeTarget section */
		02D5DFC22212EAF80064E928 /* VDSLoader */ = {
			isa = PBXNativeTarget;
			buildConfigurationList = 02D5DFD52212EAFA0064E928 /* Build configuration list for PBXNativeTarget "VDSLoader" */;
			buildPhases = (
				02D5DFBF2212EAF80064E928 /* Sources */,
				02D5DFC02212EAF80064E928 /* Frameworks */,
				02D5DFC12212EAF80064E928 /* Resources */,
			);
			buildRules = (
			);
			dependencies = (
			);
			name = VDSLoader;
			productName = VDSLoader;
			productReference = 02D5DFC32212EAF80064E928 /* VDSLoader.app */;
			productType = "com.apple.product-type.application";
		};
/* End PBXNativeTarget section */

/* Begin PBXProject section */
		02D5DFBB2212EAF80064E928 /* Project object */ = {
			isa = PBXProject;
			attributes = {
				LastSwiftUpdateCheck = 1010;
				LastUpgradeCheck = 1010;
				ORGANIZATIONNAME = kawika;
				TargetAttributes = {
					02D5DFC22212EAF80064E928 = {
						CreatedOnToolsVersion = 10.1;
					};
				};
			};
			buildConfigurationList = 02D5DFBE2212EAF80064E928 /* Build configuration list for PBXProject "VDSLoader" */;
			compatibilityVersion = "Xcode 9.3";
			developmentRegion = en;
			hasScannedForEncodings = 0;
			knownRegions = (
				en,
				Base,
			);
			mainGroup = 02D5DFBA2212EAF80064E928;
			productRefGroup = 02D5DFC42212EAF80064E928 /* Products */;
			projectDirPath = "";
			projectRoot = "";
			targets = (
				02D5DFC22212EAF80064E928 /* VDSLoader */,
			);
		};
/* End PBXProject section */

/* Begin PBXResourcesBuildPhase section */
		02D5DFC12212EAF80064E928 /* Resources */ = {
			isa = PBXResourcesBuildPhase;
			buildActionMask = 2147483647;
			files = (
				02D5DFD12212EAFA0064E928 /* LaunchScreen.storyboard in Resources */,
				02D5DFCE2212EAFA0064E928 /* Assets.xcassets in Resources */,
				02D5DFCC2212EAF80064E928 /* Main.storyboard in Resources */,
			);
			runOnlyForDeploymentPostprocessing = 0;
		};
/* End PBXResourcesBuildPhase section */

/* Begin PBXSourcesBuildPhase section */
		02D5DFBF2212EAF80064E928 /* Sources */ = {
			isa = PBXSourcesBuildPhase;
			buildActionMask = 2147483647;
			files = (
				02D5DFD92212EB510064E928 /* VDSLoaderView.swift in Sources */,
				02D5DFC92212EAF80064E928 /* ViewController.swift in Sources */,
				02D5DFC72212EAF80064E928 /* AppDelegate.swift in Sources */,
			);
			runOnlyForDeploymentPostprocessing = 0;
		};
/* End PBXSourcesBuildPhase section */

/* Begin PBXVariantGroup section */
		02D5DFCA2212EAF80064E928 /* Main.storyboard */ = {
			isa = PBXVariantGroup;
			children = (
				02D5DFCB2212EAF80064E928 /* Base */,
			);
			name = Main.storyboard;
			sourceTree = "<group>";
		};
		02D5DFCF2212EAFA0064E928 /* LaunchScreen.storyboard */ = {
			isa = PBXVariantGroup;
			children = (
				02D5DFD02212EAFA0064E928 /* Base */,
			);
			name = LaunchScreen.storyboard;
			sourceTree = "<group>";
		};
/* End PBXVariantGroup section */

/* Begin XCBuildConfiguration section */
		02D5DFD32212EAFA0064E928 /* Debug */ = {
			isa = XCBuildConfiguration;
			buildSettings = {
				ALWAYS_SEARCH_USER_PATHS = NO;
				CLANG_ANALYZER_NONNULL = YES;
				CLANG_ANALYZER_NUMBER_OBJECT_CONVERSION = YES_AGGRESSIVE;
				CLANG_CXX_LANGUAGE_STANDARD = "gnu++14";
				CLANG_CXX_LIBRARY = "libc++";
				CLANG_ENABLE_MODULES = YES;
				CLANG_ENABLE_OBJC_ARC = YES;
				CLANG_ENABLE_OBJC_WEAK = YES;
				CLANG_WARN_BLOCK_CAPTURE_AUTORELEASING = YES;
				CLANG_WARN_BOOL_CONVERSION = YES;
				CLANG_WARN_COMMA = YES;
				CLANG_WARN_CONSTANT_CONVERSION = YES;
				CLANG_WARN_DEPRECATED_OBJC_IMPLEMENTATIONS = YES;
				CLANG_WARN_DIRECT_OBJC_ISA_USAGE = YES_ERROR;
				CLANG_WARN_DOCUMENTATION_COMMENTS = YES;
				CLANG_WARN_EMPTY_BODY = YES;
				CLANG_WARN_ENUM_CONVERSION = YES;
				CLANG_WARN_INFINITE_RECURSION = YES;
				CLANG_WARN_INT_CONVERSION = YES;
				CLANG_WARN_NON_LITERAL_NULL_CONVERSION = YES;
				CLANG_WARN_OBJC_IMPLICIT_RETAIN_SELF = YES;
				CLANG_WARN_OBJC_LITERAL_CONVERSION = YES;
				CLANG_WARN_OBJC_ROOT_CLASS = YES_ERROR;
				CLANG_WARN_RANGE_LOOP_ANALYSIS = YES;
				CLANG_WARN_STRICT_PROTOTYPES = YES;
				CLANG_WARN_SUSPICIOUS_MOVE = YES;
				CLANG_WARN_UNGUARDED_AVAILABILITY = YES_AGGRESSIVE;
				CLANG_WARN_UNREACHABLE_CODE = YES;
				CLANG_WARN__DUPLICATE_METHOD_MATCH = YES;
				CODE_SIGN_IDENTITY = "iPhone Developer";
				COPY_PHASE_STRIP = NO;
				DEBUG_INFORMATION_FORMAT = dwarf;
				ENABLE_STRICT_OBJC_MSGSEND = YES;
				ENABLE_TESTABILITY = YES;
				GCC_C_LANGUAGE_STANDARD = gnu11;
				GCC_DYNAMIC_NO_PIC = NO;
				GCC_NO_COMMON_BLOCKS = YES;
				GCC_OPTIMIZATION_LEVEL = 0;
				GCC_PREPROCESSOR_DEFINITIONS = (
					"DEBUG=1",
					"$(inherited)",
				);
				GCC_WARN_64_TO_32_BIT_CONVERSION = YES;
				GCC_WARN_ABOUT_RETURN_TYPE = YES_ERROR;
				GCC_WARN_UNDECLARED_SELECTOR = YES;
				GCC_WARN_UNINITIALIZED_AUTOS = YES_AGGRESSIVE;
				GCC_WARN_UNUSED_FUNCTION = YES;
				GCC_WARN_UNUSED_VARIABLE = YES;
				IPHONEOS_DEPLOYMENT_TARGET = 12.1;
				MTL_ENABLE_DEBUG_INFO = INCLUDE_SOURCE;
				MTL_FAST_MATH = YES;
				ONLY_ACTIVE_ARCH = YES;
				SDKROOT = iphoneos;
				SWIFT_ACTIVE_COMPILATION_CONDITIONS = DEBUG;
				SWIFT_OPTIMIZATION_LEVEL = "-Onone";
			};
			name = Debug;
		};
		02D5DFD42212EAFA0064E928 /* Release */ = {
			isa = XCBuildConfiguration;
			buildSettings = {
				ALWAYS_SEARCH_USER_PATHS = NO;
				CLANG_ANALYZER_NONNULL = YES;
				CLANG_ANALYZER_NUMBER_OBJECT_CONVERSION = YES_AGGRESSIVE;
				CLANG_CXX_LANGUAGE_STANDARD = "gnu++14";
				CLANG_CXX_LIBRARY = "libc++";
				CLANG_ENABLE_MODULES = YES;
				CLANG_ENABLE_OBJC_ARC = YES;
				CLANG_ENABLE_OBJC_WEAK = YES;
				CLANG_WARN_BLOCK_CAPTURE_AUTORELEASING = YES;
				CLANG_WARN_BOOL_CONVERSION = YES;
				CLANG_WARN_COMMA = YES;
				CLANG_WARN_CONSTANT_CONVERSION = YES;
				CLANG_WARN_DEPRECATED_OBJC_IMPLEMENTATIONS = YES;
				CLANG_WARN_DIRECT_OBJC_ISA_USAGE = YES_ERROR;
				CLANG_WARN_DOCUMENTATION_COMMENTS = YES;
				CLANG_WARN_EMPTY_BODY = YES;
				CLANG_WARN_ENUM_CONVERSION = YES;
				CLANG_WARN_INFINITE_RECURSION = YES;
				CLANG_WARN_INT_CONVERSION = YES;
				CLANG_WARN_NON_LITERAL_NULL_CONVERSION = YES;
				CLANG_WARN_OBJC_IMPLICIT_RETAIN_SELF = YES;
				CLANG_WARN_OBJC_LITERAL_CONVERSION = YES;
				CLANG_WARN_OBJC_ROOT_CLASS = YES_ERROR;
				CLANG_WARN_RANGE_LOOP_ANALYSIS = YES;
				CLANG_WARN_STRICT_PROTOTYPES = YES;
				CLANG_WARN_SUSPICIOUS_MOVE = YES;
				CLANG_WARN_UNGUARDED_AVAILABILITY = YES_AGGRESSIVE;
				CLANG_WARN_UNREACHABLE_CODE = YES;
				CLANG_WARN__DUPLICATE_METHOD_MATCH = YES;
				CODE_SIGN_IDENTITY = "iPhone Developer";
				COPY_PHASE_STRIP = NO;
				DEBUG_INFORMATION_FORMAT = "dwarf-with-dsym";
				ENABLE_NS_ASSERTIONS = NO;
				ENABLE_STRICT_OBJC_MSGSEND = YES;
				GCC_C_LANGUAGE_STANDARD = gnu11;
				GCC_NO_COMMON_BLOCKS = YES;
				GCC_WARN_64_TO_32_BIT_CONVERSION = YES;
				GCC_WARN_ABOUT_RETURN_TYPE = YES_ERROR;
				GCC_WARN_UNDECLARED_SELECTOR = YES;
				GCC_WARN_UNINITIALIZED_AUTOS = YES_AGGRESSIVE;
				GCC_WARN_UNUSED_FUNCTION = YES;
				GCC_WARN_UNUSED_VARIABLE = YES;
				IPHONEOS_DEPLOYMENT_TARGET = 12.1;
				MTL_ENABLE_DEBUG_INFO = NO;
				MTL_FAST_MATH = YES;
				SDKROOT = iphoneos;
				SWIFT_COMPILATION_MODE = wholemodule;
				SWIFT_OPTIMIZATION_LEVEL = "-O";
				VALIDATE_PRODUCT = YES;
			};
			name = Release;
		};
		02D5DFD62212EAFA0064E928 /* Debug */ = {
			isa = XCBuildConfiguration;
			buildSettings = {
				ASSETCATALOG_COMPILER_APPICON_NAME = AppIcon;
				CODE_SIGN_STYLE = Automatic;
				DEVELOPMENT_TEAM = R5G5Y6XAFM;
				INFOPLIST_FILE = VDSLoader/Info.plist;
				LD_RUNPATH_SEARCH_PATHS = (
					"$(inherited)",
					"@executable_path/Frameworks",
				);
				PRODUCT_BUNDLE_IDENTIFIER = com.kawika.VDSLoader;
				PRODUCT_NAME = "$(TARGET_NAME)";
				SWIFT_VERSION = 4.2;
				TARGETED_DEVICE_FAMILY = "1,2";
			};
			name = Debug;
		};
		02D5DFD72212EAFA0064E928 /* Release */ = {
			isa = XCBuildConfiguration;
			buildSettings = {
				ASSETCATALOG_COMPILER_APPICON_NAME = AppIcon;
				CODE_SIGN_STYLE = Automatic;
				DEVELOPMENT_TEAM = R5G5Y6XAFM;
				INFOPLIST_FILE = VDSLoader/Info.plist;
				LD_RUNPATH_SEARCH_PATHS = (
					"$(inherited)",
					"@executable_path/Frameworks",
				);
				PRODUCT_BUNDLE_IDENTIFIER = com.kawika.VDSLoader;
				PRODUCT_NAME = "$(TARGET_NAME)";
				SWIFT_VERSION = 4.2;
				TARGETED_DEVICE_FAMILY = "1,2";
			};
			name = Release;
		};
/* End XCBuildConfiguration section */

/* Begin XCConfigurationList section */
		02D5DFBE2212EAF80064E928 /* Build configuration list for PBXProject "VDSLoader" */ = {
			isa = XCConfigurationList;
			buildConfigurations = (
				02D5DFD32212EAFA0064E928 /* Debug */,
				02D5DFD42212EAFA0064E928 /* Release */,
			);
			defaultConfigurationIsVisible = 0;
			defaultConfigurationName = Release;
		};
		02D5DFD52212EAFA0064E928 /* Build configuration list for PBXNativeTarget "VDSLoader" */ = {
			isa = XCConfigurationList;
			buildConfigurations = (
				02D5DFD62212EAFA0064E928 /* Debug */,
				02D5DFD72212EAFA0064E928 /* Release */,
			);
			defaultConfigurationIsVisible = 0;
			defaultConfigurationName = Release;
		};
/* End XCConfigurationList section */
	};
	rootObject = 02D5DFBB2212EAF80064E928 /* Project object */;
}
